
Microsoft Visual Studio Solution File, Format Version 12.00
# Visual Studio Version 17
VisualStudioVersion = 17.7.33808.371
MinimumVisualStudioVersion = 10.0.40219.1
Project("{8BC9CEB8-8B4A-11D0-8D11-00A0C91BC942}") = "智绘教", "智绘教\智绘教.vcxproj", "{C74D4D04-F81C-42FE-8D90-7042BA3BB8A0}"
	ProjectSection(ProjectDependencies) = postProject
		{A7B02228-179F-4B8E-BA8F-82D50066FB66} = {A7B02228-179F-4B8E-BA8F-82D50066FB66}
	EndProjectSection
EndProject
Project("{FAE04EC0-301F-11D3-BF4B-00C04F79EFBC}") = "PptCOM", "PptCOM\PptCOM.csproj", "{A7B02228-179F-4B8E-BA8F-82D50066FB66}"
EndProject
Project("{8BC9CEB8-8B4A-11D0-8D11-00A0C91BC942}") = "智绘教CrashedHandler", "智绘教CrashedHandler\智绘教CrashedHandler.vcxproj", "{9A062020-3F2D-4753-99F0-64AC4DC1600A}"
EndProject
Project("{8BC9CEB8-8B4A-11D0-8D11-00A0C91BC942}") = "智绘教CrashedHandlerClose", "智绘教CrashedHandlerClose\智绘教CrashedHandlerClose.vcxproj", "{AED1D291-8241-486B-9D16-E53862F74103}"
EndProject
Project("{8BC9CEB8-8B4A-11D0-8D11-00A0C91BC942}") = "智绘教StartupItemSettings", "智绘教StartupItemSettings\智绘教StartupItemSettings.vcxproj", "{38189408-F6E5-478E-B94D-A9F998DA6BDA}"
EndProject
Global
	GlobalSection(SolutionConfigurationPlatforms) = preSolution
		Debug|Win32 = Debug|Win32
		Debug|x64 = Debug|x64
		Release|Win32 = Release|Win32
		Release|x64 = Release|x64
	EndGlobalSection
	GlobalSection(ProjectConfigurationPlatforms) = postSolution
		{C74D4D04-F81C-42FE-8D90-7042BA3BB8A0}.Debug|Win32.ActiveCfg = Debug|Win32
		{C74D4D04-F81C-42FE-8D90-7042BA3BB8A0}.Debug|Win32.Build.0 = Debug|Win32
		{C74D4D04-F81C-42FE-8D90-7042BA3BB8A0}.Debug|x64.ActiveCfg = Debug|Win32
		{C74D4D04-F81C-42FE-8D90-7042BA3BB8A0}.Debug|x64.Build.0 = Debug|Win32
		{C74D4D04-F81C-42FE-8D90-7042BA3BB8A0}.Release|Win32.ActiveCfg = Release|Win32
		{C74D4D04-F81C-42FE-8D90-7042BA3BB8A0}.Release|Win32.Build.0 = Release|Win32
		{C74D4D04-F81C-42FE-8D90-7042BA3BB8A0}.Release|x64.ActiveCfg = Release|Win32
		{C74D4D04-F81C-42FE-8D90-7042BA3BB8A0}.Release|x64.Build.0 = Release|Win32
		{A7B02228-179F-4B8E-BA8F-82D50066FB66}.Debug|Win32.ActiveCfg = Debug|Any CPU
		{A7B02228-179F-4B8E-BA8F-82D50066FB66}.Debug|Win32.Build.0 = Debug|Any CPU
		{A7B02228-179F-4B8E-BA8F-82D50066FB66}.Debug|x64.ActiveCfg = Debug|Any CPU
		{A7B02228-179F-4B8E-BA8F-82D50066FB66}.Debug|x64.Build.0 = Debug|Any CPU
		{A7B02228-179F-4B8E-BA8F-82D50066FB66}.Release|Win32.ActiveCfg = Release|Any CPU
		{A7B02228-179F-4B8E-BA8F-82D50066FB66}.Release|Win32.Build.0 = Release|Any CPU
		{A7B02228-179F-4B8E-BA8F-82D50066FB66}.Release|x64.ActiveCfg = Release|Any CPU
		{A7B02228-179F-4B8E-BA8F-82D50066FB66}.Release|x64.Build.0 = Release|Any CPU
		{9A062020-3F2D-4753-99F0-64AC4DC1600A}.Debug|Win32.ActiveCfg = Debug|Win32
		{9A062020-3F2D-4753-99F0-64AC4DC1600A}.Debug|Win32.Build.0 = Debug|Win32
		{9A062020-3F2D-4753-99F0-64AC4DC1600A}.Debug|x64.ActiveCfg = Debug|x64
		{9A062020-3F2D-4753-99F0-64AC4DC1600A}.Debug|x64.Build.0 = Debug|x64
		{9A062020-3F2D-4753-99F0-64AC4DC1600A}.Release|Win32.ActiveCfg = Release|Win32
		{9A062020-3F2D-4753-99F0-64AC4DC1600A}.Release|Win32.Build.0 = Release|Win32
		{9A062020-3F2D-4753-99F0-64AC4DC1600A}.Release|x64.ActiveCfg = Release|x64
		{9A062020-3F2D-4753-99F0-64AC4DC1600A}.Release|x64.Build.0 = Release|x64
		{AED1D291-8241-486B-9D16-E53862F74103}.Debug|Win32.ActiveCfg = Debug|Win32
		{AED1D291-8241-486B-9D16-E53862F74103}.Debug|Win32.Build.0 = Debug|Win32
		{AED1D291-8241-486B-9D16-E53862F74103}.Debug|x64.ActiveCfg = Debug|x64
		{AED1D291-8241-486B-9D16-E53862F74103}.Debug|x64.Build.0 = Debug|x64
		{AED1D291-8241-486B-9D16-E53862F74103}.Release|Win32.ActiveCfg = Release|Win32
		{AED1D291-8241-486B-9D16-E53862F74103}.Release|Win32.Build.0 = Release|Win32
		{AED1D291-8241-486B-9D16-E53862F74103}.Release|x64.ActiveCfg = Release|x64
		{AED1D291-8241-486B-9D16-E53862F74103}.Release|x64.Build.0 = Release|x64
		{38189408-F6E5-478E-B94D-A9F998DA6BDA}.Debug|Win32.ActiveCfg = Debug|Win32
		{38189408-F6E5-478E-B94D-A9F998DA6BDA}.Debug|Win32.Build.0 = Debug|Win32
		{38189408-F6E5-478E-B94D-A9F998DA6BDA}.Debug|x64.ActiveCfg = Debug|x64
		{38189408-F6E5-478E-B94D-A9F998DA6BDA}.Debug|x64.Build.0 = Debug|x64
		{38189408-F6E5-478E-B94D-A9F998DA6BDA}.Release|Win32.ActiveCfg = Release|Win32
		{38189408-F6E5-478E-B94D-A9F998DA6BDA}.Release|Win32.Build.0 = Release|Win32
		{38189408-F6E5-478E-B94D-A9F998DA6BDA}.Release|x64.ActiveCfg = Release|x64
		{38189408-F6E5-478E-B94D-A9F998DA6BDA}.Release|x64.Build.0 = Release|x64
	EndGlobalSection
	GlobalSection(SolutionProperties) = preSolution
		HideSolutionNode = FALSE
	EndGlobalSection
	GlobalSection(ExtensibilityGlobals) = postSolution
		SolutionGuid = {C0F8382A-957A-4EC9-845C-F91EF77E245C}
	EndGlobalSection
EndGlobal
