<?xml version="1.0" encoding="utf-8"?>
<Project ToolsVersion="4.0" xmlns="http://schemas.microsoft.com/developer/msbuild/2003">
  <ItemGroup>
    <Filter Include="源文件">
      <UniqueIdentifier>{4FC737F1-C7A5-4376-A066-2A32D752A2FF}</UniqueIdentifier>
      <Extensions>cpp;c;cc;cxx;c++;cppm;ixx;def;odl;idl;hpj;bat;asm;asmx</Extensions>
    </Filter>
    <Filter Include="头文件">
      <UniqueIdentifier>{93995380-89BD-4b04-88EB-625FBE52EBFB}</UniqueIdentifier>
      <Extensions>h;hh;hpp;hxx;h++;hm;inl;inc;ipp;xsd</Extensions>
    </Filter>
    <Filter Include="资源文件">
      <UniqueIdentifier>{67DA6AB6-F800-4c08-8B7A-83BB121AAD01}</UniqueIdentifier>
      <Extensions>rc;ico;cur;bmp;dlg;rc2;rct;bin;rgs;gif;jpg;jpeg;jpe;resx;tiff;tif;png;wav;mfcribbon-ms</Extensions>
    </Filter>
    <Filter Include="头文件\HiEasyX">
      <UniqueIdentifier>{2e03b9bb-420e-4299-9bab-cb6b8e174341}</UniqueIdentifier>
    </Filter>
    <Filter Include="头文件\HiEasyX\HiGUI">
      <UniqueIdentifier>{be31b9e3-af03-4091-8eef-748b8802b7be}</UniqueIdentifier>
    </Filter>
    <Filter Include="头文件\HiEasyX\HiSysGUI">
      <UniqueIdentifier>{594605a8-07f6-4f1f-99d6-9121281e72a3}</UniqueIdentifier>
    </Filter>
    <Filter Include="头文件\Additional">
      <UniqueIdentifier>{1bdd4c2e-4346-44fb-9ad6-b03fa2767a63}</UniqueIdentifier>
    </Filter>
    <Filter Include="头文件\Additional\CppHttplib">
      <UniqueIdentifier>{a70b0e1a-8604-4bd8-b830-ee3a3af4b8d4}</UniqueIdentifier>
    </Filter>
    <Filter Include="头文件\Additional\HashLib++">
      <UniqueIdentifier>{8a4edc4b-7858-40e8-874a-a2e878e2e6e7}</UniqueIdentifier>
    </Filter>
    <Filter Include="头文件\Additional\Imgui">
      <UniqueIdentifier>{001e6116-1c4e-4fd0-9487-bb5936347151}</UniqueIdentifier>
    </Filter>
    <Filter Include="头文件\Additional\JsonCpp">
      <UniqueIdentifier>{26e681e1-8954-4772-b303-337e46c4a2e9}</UniqueIdentifier>
    </Filter>
    <Filter Include="头文件\Additional\JsonCpp\lib_json">
      <UniqueIdentifier>{b6e7c9dc-dea7-43b9-9e06-d905d8a7ce96}</UniqueIdentifier>
    </Filter>
    <Filter Include="头文件\Additional\SpdLog">
      <UniqueIdentifier>{dfde0fbe-be58-4b13-80dd-a600398c105f}</UniqueIdentifier>
    </Filter>
    <Filter Include="头文件\Additional\SpdLog\cfg">
      <UniqueIdentifier>{758cd303-19a9-42bf-bc47-6a6ba6bd1957}</UniqueIdentifier>
    </Filter>
    <Filter Include="头文件\Additional\SpdLog\details">
      <UniqueIdentifier>{fe5ec9f4-af30-4373-a600-16798539bf4b}</UniqueIdentifier>
    </Filter>
    <Filter Include="头文件\Additional\SpdLog\fmt">
      <UniqueIdentifier>{a4276863-cd64-41c0-966d-3fab23b73fd5}</UniqueIdentifier>
    </Filter>
    <Filter Include="头文件\Additional\SpdLog\sinks">
      <UniqueIdentifier>{7675550c-532a-485b-af47-6601418db825}</UniqueIdentifier>
    </Filter>
    <Filter Include="头文件\Additional\SpdLog\fmt\bundled">
      <UniqueIdentifier>{04a59d6c-d9f3-494e-a175-62995c1afea9}</UniqueIdentifier>
    </Filter>
    <Filter Include="头文件\Additional\StbImage">
      <UniqueIdentifier>{d6e10050-a0f3-411f-ab59-e865236ce23f}</UniqueIdentifier>
    </Filter>
    <Filter Include="头文件\Additional\WinToastLib">
      <UniqueIdentifier>{e5e67105-0d69-464d-bc37-a9e684369e87}</UniqueIdentifier>
    </Filter>
    <Filter Include="头文件\Additional\ZipUtils">
      <UniqueIdentifier>{833e3b3d-58da-4d5c-a694-a98d502b5dc7}</UniqueIdentifier>
    </Filter>
    <Filter Include="头文件\Additional\freetype">
      <UniqueIdentifier>{7da7f675-4f3c-4b5d-8d36-c5e5957b6666}</UniqueIdentifier>
    </Filter>
    <Filter Include="头文件\Additional\freetype\config">
      <UniqueIdentifier>{5e5c0f20-ca28-4ad4-a27d-1bdaecf31bff}</UniqueIdentifier>
    </Filter>
    <Filter Include="头文件\Additional\freetype\internal">
      <UniqueIdentifier>{dcfcb70d-af48-4754-b614-32d37e724318}</UniqueIdentifier>
    </Filter>
    <Filter Include="头文件\Additional\freetype\internal\services">
      <UniqueIdentifier>{95a6b63d-8cf9-47e7-99da-0db5c5cdc2bb}</UniqueIdentifier>
    </Filter>
  </ItemGroup>
  <ItemGroup>
    <ClInclude Include="HiEasyX.h">
      <Filter>头文件</Filter>
    </ClInclude>
    <ClInclude Include="HiEasyX\HiGUI\Button.h">
      <Filter>头文件\HiEasyX\HiGUI</Filter>
    </ClInclude>
    <ClInclude Include="HiEasyX\HiGUI\ControlBase.h">
      <Filter>头文件\HiEasyX\HiGUI</Filter>
    </ClInclude>
    <ClInclude Include="HiEasyX\HiGUI\HiGUI.h">
      <Filter>头文件\HiEasyX\HiGUI</Filter>
    </ClInclude>
    <ClInclude Include="HiEasyX\HiGUI\Page.h">
      <Filter>头文件\HiEasyX\HiGUI</Filter>
    </ClInclude>
    <ClInclude Include="HiEasyX\HiGUI\ProgressCtrl.h">
      <Filter>头文件\HiEasyX\HiGUI</Filter>
    </ClInclude>
    <ClInclude Include="HiEasyX\HiGUI\ScrollBar.h">
      <Filter>头文件\HiEasyX\HiGUI</Filter>
    </ClInclude>
    <ClInclude Include="HiEasyX\HiGUI\Static.h">
      <Filter>头文件\HiEasyX\HiGUI</Filter>
    </ClInclude>
    <ClInclude Include="HiEasyX\HiSysGUI\HiSysGUI.h">
      <Filter>头文件\HiEasyX\HiSysGUI</Filter>
    </ClInclude>
    <ClInclude Include="HiEasyX\HiSysGUI\SysButton.h">
      <Filter>头文件\HiEasyX\HiSysGUI</Filter>
    </ClInclude>
    <ClInclude Include="HiEasyX\HiSysGUI\SysCheckBox.h">
      <Filter>头文件\HiEasyX\HiSysGUI</Filter>
    </ClInclude>
    <ClInclude Include="HiEasyX\HiSysGUI\SysComboBox.h">
      <Filter>头文件\HiEasyX\HiSysGUI</Filter>
    </ClInclude>
    <ClInclude Include="HiEasyX\HiSysGUI\SysControlBase.h">
      <Filter>头文件\HiEasyX\HiSysGUI</Filter>
    </ClInclude>
    <ClInclude Include="HiEasyX\HiSysGUI\SysEdit.h">
      <Filter>头文件\HiEasyX\HiSysGUI</Filter>
    </ClInclude>
    <ClInclude Include="HiEasyX\HiSysGUI\SysGroup.h">
      <Filter>头文件\HiEasyX\HiSysGUI</Filter>
    </ClInclude>
    <ClInclude Include="HiEasyX\HiSysGUI\SysGroupBox.h">
      <Filter>头文件\HiEasyX\HiSysGUI</Filter>
    </ClInclude>
    <ClInclude Include="HiEasyX\HiSysGUI\SysRadioButton.h">
      <Filter>头文件\HiEasyX\HiSysGUI</Filter>
    </ClInclude>
    <ClInclude Include="HiEasyX\HiSysGUI\SysStatic.h">
      <Filter>头文件\HiEasyX\HiSysGUI</Filter>
    </ClInclude>
    <ClInclude Include="HiEasyX\HiCanvas.h">
      <Filter>头文件\HiEasyX</Filter>
    </ClInclude>
    <ClInclude Include="HiEasyX\HiContainer.h">
      <Filter>头文件\HiEasyX</Filter>
    </ClInclude>
    <ClInclude Include="HiEasyX\HiDef.h">
      <Filter>头文件\HiEasyX</Filter>
    </ClInclude>
    <ClInclude Include="HiEasyX\HiDrawingProperty.h">
      <Filter>头文件\HiEasyX</Filter>
    </ClInclude>
    <ClInclude Include="HiEasyX\HiFPS.h">
      <Filter>头文件\HiEasyX</Filter>
    </ClInclude>
    <ClInclude Include="HiEasyX\HiFunc.h">
      <Filter>头文件\HiEasyX</Filter>
    </ClInclude>
    <ClInclude Include="HiEasyX\HiGdiplus.h">
      <Filter>头文件\HiEasyX</Filter>
    </ClInclude>
    <ClInclude Include="HiEasyX\HiGif.h">
      <Filter>头文件\HiEasyX</Filter>
    </ClInclude>
    <ClInclude Include="HiEasyX\HiIcon.h">
      <Filter>头文件\HiEasyX</Filter>
    </ClInclude>
    <ClInclude Include="HiEasyX\HiMacro.h">
      <Filter>头文件\HiEasyX</Filter>
    </ClInclude>
    <ClInclude Include="HiEasyX\HiMouseDrag.h">
      <Filter>头文件\HiEasyX</Filter>
    </ClInclude>
    <ClInclude Include="HiEasyX\HiMusicMCI.h">
      <Filter>头文件\HiEasyX</Filter>
    </ClInclude>
    <ClInclude Include="HiEasyX\HiStart.h">
      <Filter>头文件\HiEasyX</Filter>
    </ClInclude>
    <ClInclude Include="HiEasyX\HiWindow.h">
      <Filter>头文件\HiEasyX</Filter>
    </ClInclude>
    <ClInclude Include="resource.h">
      <Filter>头文件</Filter>
    </ClInclude>
    <ClInclude Include="IdtMain.h">
      <Filter>头文件</Filter>
    </ClInclude>
    <ClInclude Include="IdtRts.h">
      <Filter>头文件</Filter>
    </ClInclude>
    <ClInclude Include="IdtImage.h">
      <Filter>头文件</Filter>
    </ClInclude>
    <ClInclude Include="IdtText.h">
      <Filter>头文件</Filter>
    </ClInclude>
    <ClInclude Include="IdtWindow.h">
      <Filter>头文件</Filter>
    </ClInclude>
    <ClInclude Include="IdtMagnification.h">
      <Filter>头文件</Filter>
    </ClInclude>
    <ClInclude Include="IdtTime.h">
      <Filter>头文件</Filter>
    </ClInclude>
    <ClInclude Include="IdtPlug-in.h">
      <Filter>头文件</Filter>
    </ClInclude>
    <ClInclude Include="IdtOther.h">
      <Filter>头文件</Filter>
    </ClInclude>
    <ClInclude Include="IdtUpdate.h">
      <Filter>头文件</Filter>
    </ClInclude>
    <ClInclude Include="IdtFloating.h">
      <Filter>头文件</Filter>
    </ClInclude>
    <ClInclude Include="IdtDrawpad.h">
      <Filter>头文件</Filter>
    </ClInclude>
    <ClInclude Include="IdtHistoricalDrawpad.h">
      <Filter>头文件</Filter>
    </ClInclude>
    <ClInclude Include="IdtFreezeFrame.h">
      <Filter>头文件</Filter>
    </ClInclude>
    <ClInclude Include="IdtDisplayManagement.h">
      <Filter>头文件</Filter>
    </ClInclude>
    <ClInclude Include="IdtSetting.h">
      <Filter>头文件</Filter>
    </ClInclude>
    <ClInclude Include="IdtConfiguration.h">
      <Filter>头文件</Filter>
    </ClInclude>
    <ClInclude Include="IdtSysNotifications.h">
      <Filter>头文件</Filter>
    </ClInclude>
    <ClInclude Include="IdtGuid.h">
      <Filter>头文件</Filter>
    </ClInclude>
    <ClInclude Include="IdtD2DPreparation.h">
      <Filter>头文件</Filter>
    </ClInclude>
    <ClInclude Include="IdtHash.h">
      <Filter>头文件</Filter>
    </ClInclude>
    <ClInclude Include="IdtState.h">
      <Filter>头文件</Filter>
    </ClInclude>
    <ClInclude Include="IdtI18n.h">
      <Filter>头文件</Filter>
    </ClInclude>
    <ClInclude Include="IdtStart.h">
      <Filter>头文件</Filter>
    </ClInclude>
    <ClInclude Include="additional\cpphttplib\httplib.h">
      <Filter>头文件\Additional\CppHttplib</Filter>
    </ClInclude>
    <ClInclude Include="additional\hashlib++\hashlibpp.h">
      <Filter>头文件\Additional\HashLib++</Filter>
    </ClInclude>
    <ClInclude Include="additional\hashlib++\hl_exception.h">
      <Filter>头文件\Additional\HashLib++</Filter>
    </ClInclude>
    <ClInclude Include="additional\hashlib++\hl_hashwrapper.h">
      <Filter>头文件\Additional\HashLib++</Filter>
    </ClInclude>
    <ClInclude Include="additional\hashlib++\hl_md5.h">
      <Filter>头文件\Additional\HashLib++</Filter>
    </ClInclude>
    <ClInclude Include="additional\hashlib++\hl_md5wrapper.h">
      <Filter>头文件\Additional\HashLib++</Filter>
    </ClInclude>
    <ClInclude Include="additional\hashlib++\hl_sha1.h">
      <Filter>头文件\Additional\HashLib++</Filter>
    </ClInclude>
    <ClInclude Include="additional\hashlib++\hl_sha1wrapper.h">
      <Filter>头文件\Additional\HashLib++</Filter>
    </ClInclude>
    <ClInclude Include="additional\hashlib++\hl_sha2ext.h">
      <Filter>头文件\Additional\HashLib++</Filter>
    </ClInclude>
    <ClInclude Include="additional\hashlib++\hl_sha2mac.h">
      <Filter>头文件\Additional\HashLib++</Filter>
    </ClInclude>
    <ClInclude Include="additional\hashlib++\hl_sha256.h">
      <Filter>头文件\Additional\HashLib++</Filter>
    </ClInclude>
    <ClInclude Include="additional\hashlib++\hl_sha256wrapper.h">
      <Filter>头文件\Additional\HashLib++</Filter>
    </ClInclude>
    <ClInclude Include="additional\hashlib++\hl_sha384wrapper.h">
      <Filter>头文件\Additional\HashLib++</Filter>
    </ClInclude>
    <ClInclude Include="additional\hashlib++\hl_sha512wrapper.h">
      <Filter>头文件\Additional\HashLib++</Filter>
    </ClInclude>
    <ClInclude Include="additional\hashlib++\hl_types.h">
      <Filter>头文件\Additional\HashLib++</Filter>
    </ClInclude>
    <ClInclude Include="additional\hashlib++\hl_wrapperfactory.h">
      <Filter>头文件\Additional\HashLib++</Filter>
    </ClInclude>
    <ClInclude Include="additional\jsoncpp\allocator.h">
      <Filter>头文件\Additional\JsonCpp</Filter>
    </ClInclude>
    <ClInclude Include="additional\jsoncpp\assertions.h">
      <Filter>头文件\Additional\JsonCpp</Filter>
    </ClInclude>
    <ClInclude Include="additional\jsoncpp\config.h">
      <Filter>头文件\Additional\JsonCpp</Filter>
    </ClInclude>
    <ClInclude Include="additional\jsoncpp\forwards.h">
      <Filter>头文件\Additional\JsonCpp</Filter>
    </ClInclude>
    <ClInclude Include="additional\jsoncpp\json.h">
      <Filter>头文件\Additional\JsonCpp</Filter>
    </ClInclude>
    <ClInclude Include="additional\jsoncpp\json_features.h">
      <Filter>头文件\Additional\JsonCpp</Filter>
    </ClInclude>
    <ClInclude Include="additional\jsoncpp\reader.h">
      <Filter>头文件\Additional\JsonCpp</Filter>
    </ClInclude>
    <ClInclude Include="additional\jsoncpp\value.h">
      <Filter>头文件\Additional\JsonCpp</Filter>
    </ClInclude>
    <ClInclude Include="additional\jsoncpp\version.h">
      <Filter>头文件\Additional\JsonCpp</Filter>
    </ClInclude>
    <ClInclude Include="additional\jsoncpp\writer.h">
      <Filter>头文件\Additional\JsonCpp</Filter>
    </ClInclude>
    <ClInclude Include="additional\jsoncpp\lib_json\json_tool.h">
      <Filter>头文件\Additional\JsonCpp\lib_json</Filter>
    </ClInclude>
    <ClInclude Include="additional\spdlog\cfg\argv.h">
      <Filter>头文件\Additional\SpdLog\cfg</Filter>
    </ClInclude>
    <ClInclude Include="additional\spdlog\cfg\env.h">
      <Filter>头文件\Additional\SpdLog\cfg</Filter>
    </ClInclude>
    <ClInclude Include="additional\spdlog\cfg\helpers.h">
      <Filter>头文件\Additional\SpdLog\cfg</Filter>
    </ClInclude>
    <ClInclude Include="additional\spdlog\cfg\helpers-inl.h">
      <Filter>头文件\Additional\SpdLog\cfg</Filter>
    </ClInclude>
    <ClInclude Include="additional\spdlog\details\backtracer.h">
      <Filter>头文件\Additional\SpdLog\details</Filter>
    </ClInclude>
    <ClInclude Include="additional\spdlog\details\backtracer-inl.h">
      <Filter>头文件\Additional\SpdLog\details</Filter>
    </ClInclude>
    <ClInclude Include="additional\spdlog\details\circular_q.h">
      <Filter>头文件\Additional\SpdLog\details</Filter>
    </ClInclude>
    <ClInclude Include="additional\spdlog\details\console_globals.h">
      <Filter>头文件\Additional\SpdLog\details</Filter>
    </ClInclude>
    <ClInclude Include="additional\spdlog\details\file_helper.h">
      <Filter>头文件\Additional\SpdLog\details</Filter>
    </ClInclude>
    <ClInclude Include="additional\spdlog\details\file_helper-inl.h">
      <Filter>头文件\Additional\SpdLog\details</Filter>
    </ClInclude>
    <ClInclude Include="additional\spdlog\details\fmt_helper.h">
      <Filter>头文件\Additional\SpdLog\details</Filter>
    </ClInclude>
    <ClInclude Include="additional\spdlog\details\log_msg.h">
      <Filter>头文件\Additional\SpdLog\details</Filter>
    </ClInclude>
    <ClInclude Include="additional\spdlog\details\log_msg_buffer.h">
      <Filter>头文件\Additional\SpdLog\details</Filter>
    </ClInclude>
    <ClInclude Include="additional\spdlog\details\log_msg_buffer-inl.h">
      <Filter>头文件\Additional\SpdLog\details</Filter>
    </ClInclude>
    <ClInclude Include="additional\spdlog\details\log_msg-inl.h">
      <Filter>头文件\Additional\SpdLog\details</Filter>
    </ClInclude>
    <ClInclude Include="additional\spdlog\details\mpmc_blocking_q.h">
      <Filter>头文件\Additional\SpdLog\details</Filter>
    </ClInclude>
    <ClInclude Include="additional\spdlog\details\null_mutex.h">
      <Filter>头文件\Additional\SpdLog\details</Filter>
    </ClInclude>
    <ClInclude Include="additional\spdlog\details\os.h">
      <Filter>头文件\Additional\SpdLog\details</Filter>
    </ClInclude>
    <ClInclude Include="additional\spdlog\details\os-inl.h">
      <Filter>头文件\Additional\SpdLog\details</Filter>
    </ClInclude>
    <ClInclude Include="additional\spdlog\details\periodic_worker.h">
      <Filter>头文件\Additional\SpdLog\details</Filter>
    </ClInclude>
    <ClInclude Include="additional\spdlog\details\periodic_worker-inl.h">
      <Filter>头文件\Additional\SpdLog\details</Filter>
    </ClInclude>
    <ClInclude Include="additional\spdlog\details\registry.h">
      <Filter>头文件\Additional\SpdLog\details</Filter>
    </ClInclude>
    <ClInclude Include="additional\spdlog\details\registry-inl.h">
      <Filter>头文件\Additional\SpdLog\details</Filter>
    </ClInclude>
    <ClInclude Include="additional\spdlog\details\synchronous_factory.h">
      <Filter>头文件\Additional\SpdLog\details</Filter>
    </ClInclude>
    <ClInclude Include="additional\spdlog\details\tcp_client.h">
      <Filter>头文件\Additional\SpdLog\details</Filter>
    </ClInclude>
    <ClInclude Include="additional\spdlog\details\tcp_client-windows.h">
      <Filter>头文件\Additional\SpdLog\details</Filter>
    </ClInclude>
    <ClInclude Include="additional\spdlog\details\thread_pool.h">
      <Filter>头文件\Additional\SpdLog\details</Filter>
    </ClInclude>
    <ClInclude Include="additional\spdlog\details\thread_pool-inl.h">
      <Filter>头文件\Additional\SpdLog\details</Filter>
    </ClInclude>
    <ClInclude Include="additional\spdlog\details\udp_client.h">
      <Filter>头文件\Additional\SpdLog\details</Filter>
    </ClInclude>
    <ClInclude Include="additional\spdlog\details\udp_client-windows.h">
      <Filter>头文件\Additional\SpdLog\details</Filter>
    </ClInclude>
    <ClInclude Include="additional\spdlog\details\windows_include.h">
      <Filter>头文件\Additional\SpdLog\details</Filter>
    </ClInclude>
    <ClInclude Include="additional\spdlog\fmt\bundled\args.h">
      <Filter>头文件\Additional\SpdLog\fmt\bundled</Filter>
    </ClInclude>
    <ClInclude Include="additional\spdlog\fmt\bundled\chrono.h">
      <Filter>头文件\Additional\SpdLog\fmt\bundled</Filter>
    </ClInclude>
    <ClInclude Include="additional\spdlog\fmt\bundled\color.h">
      <Filter>头文件\Additional\SpdLog\fmt\bundled</Filter>
    </ClInclude>
    <ClInclude Include="additional\spdlog\fmt\bundled\compile.h">
      <Filter>头文件\Additional\SpdLog\fmt\bundled</Filter>
    </ClInclude>
    <ClInclude Include="additional\spdlog\fmt\bundled\core.h">
      <Filter>头文件\Additional\SpdLog\fmt\bundled</Filter>
    </ClInclude>
    <ClInclude Include="additional\spdlog\fmt\bundled\format.h">
      <Filter>头文件\Additional\SpdLog\fmt\bundled</Filter>
    </ClInclude>
    <ClInclude Include="additional\spdlog\fmt\bundled\format-inl.h">
      <Filter>头文件\Additional\SpdLog\fmt\bundled</Filter>
    </ClInclude>
    <ClInclude Include="additional\spdlog\fmt\bundled\locale.h">
      <Filter>头文件\Additional\SpdLog\fmt\bundled</Filter>
    </ClInclude>
    <ClInclude Include="additional\spdlog\fmt\bundled\os.h">
      <Filter>头文件\Additional\SpdLog\fmt\bundled</Filter>
    </ClInclude>
    <ClInclude Include="additional\spdlog\fmt\bundled\ostream.h">
      <Filter>头文件\Additional\SpdLog\fmt\bundled</Filter>
    </ClInclude>
    <ClInclude Include="additional\spdlog\fmt\bundled\printf.h">
      <Filter>头文件\Additional\SpdLog\fmt\bundled</Filter>
    </ClInclude>
    <ClInclude Include="additional\spdlog\fmt\bundled\ranges.h">
      <Filter>头文件\Additional\SpdLog\fmt\bundled</Filter>
    </ClInclude>
    <ClInclude Include="additional\spdlog\fmt\bundled\std.h">
      <Filter>头文件\Additional\SpdLog\fmt\bundled</Filter>
    </ClInclude>
    <ClInclude Include="additional\spdlog\fmt\bundled\xchar.h">
      <Filter>头文件\Additional\SpdLog\fmt\bundled</Filter>
    </ClInclude>
    <ClInclude Include="additional\spdlog\fmt\bin_to_hex.h">
      <Filter>头文件\Additional\SpdLog\fmt</Filter>
    </ClInclude>
    <ClInclude Include="additional\spdlog\fmt\chrono.h">
      <Filter>头文件\Additional\SpdLog\fmt</Filter>
    </ClInclude>
    <ClInclude Include="additional\spdlog\fmt\compile.h">
      <Filter>头文件\Additional\SpdLog\fmt</Filter>
    </ClInclude>
    <ClInclude Include="additional\spdlog\fmt\fmt.h">
      <Filter>头文件\Additional\SpdLog\fmt</Filter>
    </ClInclude>
    <ClInclude Include="additional\spdlog\fmt\ostr.h">
      <Filter>头文件\Additional\SpdLog\fmt</Filter>
    </ClInclude>
    <ClInclude Include="additional\spdlog\fmt\ranges.h">
      <Filter>头文件\Additional\SpdLog\fmt</Filter>
    </ClInclude>
    <ClInclude Include="additional\spdlog\fmt\std.h">
      <Filter>头文件\Additional\SpdLog\fmt</Filter>
    </ClInclude>
    <ClInclude Include="additional\spdlog\fmt\xchar.h">
      <Filter>头文件\Additional\SpdLog\fmt</Filter>
    </ClInclude>
    <ClInclude Include="additional\spdlog\sinks\android_sink.h">
      <Filter>头文件\Additional\SpdLog\sinks</Filter>
    </ClInclude>
    <ClInclude Include="additional\spdlog\sinks\ansicolor_sink.h">
      <Filter>头文件\Additional\SpdLog\sinks</Filter>
    </ClInclude>
    <ClInclude Include="additional\spdlog\sinks\ansicolor_sink-inl.h">
      <Filter>头文件\Additional\SpdLog\sinks</Filter>
    </ClInclude>
    <ClInclude Include="additional\spdlog\sinks\base_sink.h">
      <Filter>头文件\Additional\SpdLog\sinks</Filter>
    </ClInclude>
    <ClInclude Include="additional\spdlog\sinks\base_sink-inl.h">
      <Filter>头文件\Additional\SpdLog\sinks</Filter>
    </ClInclude>
    <ClInclude Include="additional\spdlog\sinks\basic_file_sink.h">
      <Filter>头文件\Additional\SpdLog\sinks</Filter>
    </ClInclude>
    <ClInclude Include="additional\spdlog\sinks\basic_file_sink-inl.h">
      <Filter>头文件\Additional\SpdLog\sinks</Filter>
    </ClInclude>
    <ClInclude Include="additional\spdlog\sinks\callback_sink.h">
      <Filter>头文件\Additional\SpdLog\sinks</Filter>
    </ClInclude>
    <ClInclude Include="additional\spdlog\sinks\daily_file_sink.h">
      <Filter>头文件\Additional\SpdLog\sinks</Filter>
    </ClInclude>
    <ClInclude Include="additional\spdlog\sinks\dist_sink.h">
      <Filter>头文件\Additional\SpdLog\sinks</Filter>
    </ClInclude>
    <ClInclude Include="additional\spdlog\sinks\dup_filter_sink.h">
      <Filter>头文件\Additional\SpdLog\sinks</Filter>
    </ClInclude>
    <ClInclude Include="additional\spdlog\sinks\hourly_file_sink.h">
      <Filter>头文件\Additional\SpdLog\sinks</Filter>
    </ClInclude>
    <ClInclude Include="additional\spdlog\sinks\kafka_sink.h">
      <Filter>头文件\Additional\SpdLog\sinks</Filter>
    </ClInclude>
    <ClInclude Include="additional\spdlog\sinks\mongo_sink.h">
      <Filter>头文件\Additional\SpdLog\sinks</Filter>
    </ClInclude>
    <ClInclude Include="additional\spdlog\sinks\msvc_sink.h">
      <Filter>头文件\Additional\SpdLog\sinks</Filter>
    </ClInclude>
    <ClInclude Include="additional\spdlog\sinks\null_sink.h">
      <Filter>头文件\Additional\SpdLog\sinks</Filter>
    </ClInclude>
    <ClInclude Include="additional\spdlog\sinks\ostream_sink.h">
      <Filter>头文件\Additional\SpdLog\sinks</Filter>
    </ClInclude>
    <ClInclude Include="additional\spdlog\sinks\qt_sinks.h">
      <Filter>头文件\Additional\SpdLog\sinks</Filter>
    </ClInclude>
    <ClInclude Include="additional\spdlog\sinks\ringbuffer_sink.h">
      <Filter>头文件\Additional\SpdLog\sinks</Filter>
    </ClInclude>
    <ClInclude Include="additional\spdlog\sinks\rotating_file_sink.h">
      <Filter>头文件\Additional\SpdLog\sinks</Filter>
    </ClInclude>
    <ClInclude Include="additional\spdlog\sinks\rotating_file_sink-inl.h">
      <Filter>头文件\Additional\SpdLog\sinks</Filter>
    </ClInclude>
    <ClInclude Include="additional\spdlog\sinks\sink.h">
      <Filter>头文件\Additional\SpdLog\sinks</Filter>
    </ClInclude>
    <ClInclude Include="additional\spdlog\sinks\sink-inl.h">
      <Filter>头文件\Additional\SpdLog\sinks</Filter>
    </ClInclude>
    <ClInclude Include="additional\spdlog\sinks\stdout_color_sinks.h">
      <Filter>头文件\Additional\SpdLog\sinks</Filter>
    </ClInclude>
    <ClInclude Include="additional\spdlog\sinks\stdout_color_sinks-inl.h">
      <Filter>头文件\Additional\SpdLog\sinks</Filter>
    </ClInclude>
    <ClInclude Include="additional\spdlog\sinks\stdout_sinks.h">
      <Filter>头文件\Additional\SpdLog\sinks</Filter>
    </ClInclude>
    <ClInclude Include="additional\spdlog\sinks\stdout_sinks-inl.h">
      <Filter>头文件\Additional\SpdLog\sinks</Filter>
    </ClInclude>
    <ClInclude Include="additional\spdlog\sinks\syslog_sink.h">
      <Filter>头文件\Additional\SpdLog\sinks</Filter>
    </ClInclude>
    <ClInclude Include="additional\spdlog\sinks\systemd_sink.h">
      <Filter>头文件\Additional\SpdLog\sinks</Filter>
    </ClInclude>
    <ClInclude Include="additional\spdlog\sinks\tcp_sink.h">
      <Filter>头文件\Additional\SpdLog\sinks</Filter>
    </ClInclude>
    <ClInclude Include="additional\spdlog\sinks\udp_sink.h">
      <Filter>头文件\Additional\SpdLog\sinks</Filter>
    </ClInclude>
    <ClInclude Include="additional\spdlog\sinks\win_eventlog_sink.h">
      <Filter>头文件\Additional\SpdLog\sinks</Filter>
    </ClInclude>
    <ClInclude Include="additional\spdlog\sinks\wincolor_sink.h">
      <Filter>头文件\Additional\SpdLog\sinks</Filter>
    </ClInclude>
    <ClInclude Include="additional\spdlog\sinks\wincolor_sink-inl.h">
      <Filter>头文件\Additional\SpdLog\sinks</Filter>
    </ClInclude>
    <ClInclude Include="additional\spdlog\async.h">
      <Filter>头文件\Additional\SpdLog</Filter>
    </ClInclude>
    <ClInclude Include="additional\spdlog\async_logger.h">
      <Filter>头文件\Additional\SpdLog</Filter>
    </ClInclude>
    <ClInclude Include="additional\spdlog\async_logger-inl.h">
      <Filter>头文件\Additional\SpdLog</Filter>
    </ClInclude>
    <ClInclude Include="additional\spdlog\common.h">
      <Filter>头文件\Additional\SpdLog</Filter>
    </ClInclude>
    <ClInclude Include="additional\spdlog\common-inl.h">
      <Filter>头文件\Additional\SpdLog</Filter>
    </ClInclude>
    <ClInclude Include="additional\spdlog\formatter.h">
      <Filter>头文件\Additional\SpdLog</Filter>
    </ClInclude>
    <ClInclude Include="additional\spdlog\fwd.h">
      <Filter>头文件\Additional\SpdLog</Filter>
    </ClInclude>
    <ClInclude Include="additional\spdlog\logger.h">
      <Filter>头文件\Additional\SpdLog</Filter>
    </ClInclude>
    <ClInclude Include="additional\spdlog\logger-inl.h">
      <Filter>头文件\Additional\SpdLog</Filter>
    </ClInclude>
    <ClInclude Include="additional\spdlog\mdc.h">
      <Filter>头文件\Additional\SpdLog</Filter>
    </ClInclude>
    <ClInclude Include="additional\spdlog\pattern_formatter.h">
      <Filter>头文件\Additional\SpdLog</Filter>
    </ClInclude>
    <ClInclude Include="additional\spdlog\pattern_formatter-inl.h">
      <Filter>头文件\Additional\SpdLog</Filter>
    </ClInclude>
    <ClInclude Include="additional\spdlog\spdlog.h">
      <Filter>头文件\Additional\SpdLog</Filter>
    </ClInclude>
    <ClInclude Include="additional\spdlog\spdlog-inl.h">
      <Filter>头文件\Additional\SpdLog</Filter>
    </ClInclude>
    <ClInclude Include="additional\spdlog\stopwatch.h">
      <Filter>头文件\Additional\SpdLog</Filter>
    </ClInclude>
    <ClInclude Include="additional\spdlog\tweakme.h">
      <Filter>头文件\Additional\SpdLog</Filter>
    </ClInclude>
    <ClInclude Include="additional\spdlog\version.h">
      <Filter>头文件\Additional\SpdLog</Filter>
    </ClInclude>
    <ClInclude Include="additional\stbimage\stb_image.h">
      <Filter>头文件\Additional\StbImage</Filter>
    </ClInclude>
    <ClInclude Include="additional\stbimage\stb_image_resize.h">
      <Filter>头文件\Additional\StbImage</Filter>
    </ClInclude>
    <ClInclude Include="additional\stbimage\stb_image_write.h">
      <Filter>头文件\Additional\StbImage</Filter>
    </ClInclude>
    <ClInclude Include="additional\wintoastlib\wintoastlib.h">
      <Filter>头文件\Additional\WinToastLib</Filter>
    </ClInclude>
    <ClInclude Include="additional\ziputils\unzip.h">
      <Filter>头文件\Additional\ZipUtils</Filter>
    </ClInclude>
    <ClInclude Include="additional\ziputils\zip.h">
      <Filter>头文件\Additional\ZipUtils</Filter>
    </ClInclude>
    <ClInclude Include="IdtNet.h">
      <Filter>头文件</Filter>
    </ClInclude>
    <ClInclude Include="additional\imgui\imconfig.h">
      <Filter>头文件\Additional\Imgui</Filter>
    </ClInclude>
    <ClInclude Include="additional\imgui\imgui.h">
      <Filter>头文件\Additional\Imgui</Filter>
    </ClInclude>
    <ClInclude Include="additional\imgui\imgui_impl_dx9.h">
      <Filter>头文件\Additional\Imgui</Filter>
    </ClInclude>
    <ClInclude Include="additional\imgui\imgui_impl_win32.h">
      <Filter>头文件\Additional\Imgui</Filter>
    </ClInclude>
    <ClInclude Include="additional\imgui\imgui_internal.h">
      <Filter>头文件\Additional\Imgui</Filter>
    </ClInclude>
    <ClInclude Include="additional\imgui\imgui_offset_rect.h">
      <Filter>头文件\Additional\Imgui</Filter>
    </ClInclude>
    <ClInclude Include="additional\imgui\imgui_toggle.h">
      <Filter>头文件\Additional\Imgui</Filter>
    </ClInclude>
    <ClInclude Include="additional\imgui\imgui_toggle_math.h">
      <Filter>头文件\Additional\Imgui</Filter>
    </ClInclude>
    <ClInclude Include="additional\imgui\imgui_toggle_palette.h">
      <Filter>头文件\Additional\Imgui</Filter>
    </ClInclude>
    <ClInclude Include="additional\imgui\imgui_toggle_presets.h">
      <Filter>头文件\Additional\Imgui</Filter>
    </ClInclude>
    <ClInclude Include="additional\imgui\imgui_toggle_renderer.h">
      <Filter>头文件\Additional\Imgui</Filter>
    </ClInclude>
    <ClInclude Include="additional\imgui\imstb_rectpack.h">
      <Filter>头文件\Additional\Imgui</Filter>
    </ClInclude>
    <ClInclude Include="additional\imgui\imstb_textedit.h">
      <Filter>头文件\Additional\Imgui</Filter>
    </ClInclude>
    <ClInclude Include="additional\imgui\imstb_truetype.h">
      <Filter>头文件\Additional\Imgui</Filter>
    </ClInclude>
    <ClInclude Include="additional\imgui\imgui_freetype.h">
      <Filter>头文件\Additional\Imgui</Filter>
    </ClInclude>
    <ClInclude Include="additional\ft2build.h">
      <Filter>头文件\Additional</Filter>
    </ClInclude>
    <ClInclude Include="additional\freetype\internal\services\svbdf.h">
      <Filter>头文件\Additional\freetype\internal\services</Filter>
    </ClInclude>
    <ClInclude Include="additional\freetype\internal\services\svcfftl.h">
      <Filter>头文件\Additional\freetype\internal\services</Filter>
    </ClInclude>
    <ClInclude Include="additional\freetype\internal\services\svcid.h">
      <Filter>头文件\Additional\freetype\internal\services</Filter>
    </ClInclude>
    <ClInclude Include="additional\freetype\internal\services\svfntfmt.h">
      <Filter>头文件\Additional\freetype\internal\services</Filter>
    </ClInclude>
    <ClInclude Include="additional\freetype\internal\services\svgldict.h">
      <Filter>头文件\Additional\freetype\internal\services</Filter>
    </ClInclude>
    <ClInclude Include="additional\freetype\internal\services\svgxval.h">
      <Filter>头文件\Additional\freetype\internal\services</Filter>
    </ClInclude>
    <ClInclude Include="additional\freetype\internal\services\svkern.h">
      <Filter>头文件\Additional\freetype\internal\services</Filter>
    </ClInclude>
    <ClInclude Include="additional\freetype\internal\services\svmetric.h">
      <Filter>头文件\Additional\freetype\internal\services</Filter>
    </ClInclude>
    <ClInclude Include="additional\freetype\internal\services\svmm.h">
      <Filter>头文件\Additional\freetype\internal\services</Filter>
    </ClInclude>
    <ClInclude Include="additional\freetype\internal\services\svotval.h">
      <Filter>头文件\Additional\freetype\internal\services</Filter>
    </ClInclude>
    <ClInclude Include="additional\freetype\internal\services\svpfr.h">
      <Filter>头文件\Additional\freetype\internal\services</Filter>
    </ClInclude>
    <ClInclude Include="additional\freetype\internal\services\svpostnm.h">
      <Filter>头文件\Additional\freetype\internal\services</Filter>
    </ClInclude>
    <ClInclude Include="additional\freetype\internal\services\svprop.h">
      <Filter>头文件\Additional\freetype\internal\services</Filter>
    </ClInclude>
    <ClInclude Include="additional\freetype\internal\services\svpscmap.h">
      <Filter>头文件\Additional\freetype\internal\services</Filter>
    </ClInclude>
    <ClInclude Include="additional\freetype\internal\services\svpsinfo.h">
      <Filter>头文件\Additional\freetype\internal\services</Filter>
    </ClInclude>
    <ClInclude Include="additional\freetype\internal\services\svsfnt.h">
      <Filter>头文件\Additional\freetype\internal\services</Filter>
    </ClInclude>
    <ClInclude Include="additional\freetype\internal\services\svttcmap.h">
      <Filter>头文件\Additional\freetype\internal\services</Filter>
    </ClInclude>
    <ClInclude Include="additional\freetype\internal\services\svtteng.h">
      <Filter>头文件\Additional\freetype\internal\services</Filter>
    </ClInclude>
    <ClInclude Include="additional\freetype\internal\services\svttglyf.h">
      <Filter>头文件\Additional\freetype\internal\services</Filter>
    </ClInclude>
    <ClInclude Include="additional\freetype\internal\services\svwinfnt.h">
      <Filter>头文件\Additional\freetype\internal\services</Filter>
    </ClInclude>
    <ClInclude Include="additional\freetype\internal\autohint.h">
      <Filter>头文件\Additional\freetype\internal</Filter>
    </ClInclude>
    <ClInclude Include="additional\freetype\internal\cffotypes.h">
      <Filter>头文件\Additional\freetype\internal</Filter>
    </ClInclude>
    <ClInclude Include="additional\freetype\internal\cfftypes.h">
      <Filter>头文件\Additional\freetype\internal</Filter>
    </ClInclude>
    <ClInclude Include="additional\freetype\internal\compiler-macros.h">
      <Filter>头文件\Additional\freetype\internal</Filter>
    </ClInclude>
    <ClInclude Include="additional\freetype\internal\ftcalc.h">
      <Filter>头文件\Additional\freetype\internal</Filter>
    </ClInclude>
    <ClInclude Include="additional\freetype\internal\ftdebug.h">
      <Filter>头文件\Additional\freetype\internal</Filter>
    </ClInclude>
    <ClInclude Include="additional\freetype\internal\ftdrv.h">
      <Filter>头文件\Additional\freetype\internal</Filter>
    </ClInclude>
    <ClInclude Include="additional\freetype\internal\ftgloadr.h">
      <Filter>头文件\Additional\freetype\internal</Filter>
    </ClInclude>
    <ClInclude Include="additional\freetype\internal\fthash.h">
      <Filter>头文件\Additional\freetype\internal</Filter>
    </ClInclude>
    <ClInclude Include="additional\freetype\internal\ftmemory.h">
      <Filter>头文件\Additional\freetype\internal</Filter>
    </ClInclude>
    <ClInclude Include="additional\freetype\internal\ftmmtypes.h">
      <Filter>头文件\Additional\freetype\internal</Filter>
    </ClInclude>
    <ClInclude Include="additional\freetype\internal\ftobjs.h">
      <Filter>头文件\Additional\freetype\internal</Filter>
    </ClInclude>
    <ClInclude Include="additional\freetype\internal\ftpsprop.h">
      <Filter>头文件\Additional\freetype\internal</Filter>
    </ClInclude>
    <ClInclude Include="additional\freetype\internal\ftrfork.h">
      <Filter>头文件\Additional\freetype\internal</Filter>
    </ClInclude>
    <ClInclude Include="additional\freetype\internal\ftserv.h">
      <Filter>头文件\Additional\freetype\internal</Filter>
    </ClInclude>
    <ClInclude Include="additional\freetype\internal\ftstream.h">
      <Filter>头文件\Additional\freetype\internal</Filter>
    </ClInclude>
    <ClInclude Include="additional\freetype\internal\fttrace.h">
      <Filter>头文件\Additional\freetype\internal</Filter>
    </ClInclude>
    <ClInclude Include="additional\freetype\internal\ftvalid.h">
      <Filter>头文件\Additional\freetype\internal</Filter>
    </ClInclude>
    <ClInclude Include="additional\freetype\internal\psaux.h">
      <Filter>头文件\Additional\freetype\internal</Filter>
    </ClInclude>
    <ClInclude Include="additional\freetype\internal\pshints.h">
      <Filter>头文件\Additional\freetype\internal</Filter>
    </ClInclude>
    <ClInclude Include="additional\freetype\internal\sfnt.h">
      <Filter>头文件\Additional\freetype\internal</Filter>
    </ClInclude>
    <ClInclude Include="additional\freetype\internal\svginterface.h">
      <Filter>头文件\Additional\freetype\internal</Filter>
    </ClInclude>
    <ClInclude Include="additional\freetype\internal\t1types.h">
      <Filter>头文件\Additional\freetype\internal</Filter>
    </ClInclude>
    <ClInclude Include="additional\freetype\internal\tttypes.h">
      <Filter>头文件\Additional\freetype\internal</Filter>
    </ClInclude>
    <ClInclude Include="additional\freetype\internal\wofftypes.h">
      <Filter>头文件\Additional\freetype\internal</Filter>
    </ClInclude>
    <ClInclude Include="additional\freetype\config\ftconfig.h">
      <Filter>头文件\Additional\freetype\config</Filter>
    </ClInclude>
    <ClInclude Include="additional\freetype\config\ftheader.h">
      <Filter>头文件\Additional\freetype\config</Filter>
    </ClInclude>
    <ClInclude Include="additional\freetype\config\ftmodule.h">
      <Filter>头文件\Additional\freetype\config</Filter>
    </ClInclude>
    <ClInclude Include="additional\freetype\config\ftoption.h">
      <Filter>头文件\Additional\freetype\config</Filter>
    </ClInclude>
    <ClInclude Include="additional\freetype\config\ftstdlib.h">
      <Filter>头文件\Additional\freetype\config</Filter>
    </ClInclude>
    <ClInclude Include="additional\freetype\config\integer-types.h">
      <Filter>头文件\Additional\freetype\config</Filter>
    </ClInclude>
    <ClInclude Include="additional\freetype\config\mac-support.h">
      <Filter>头文件\Additional\freetype\config</Filter>
    </ClInclude>
    <ClInclude Include="additional\freetype\config\public-macros.h">
      <Filter>头文件\Additional\freetype\config</Filter>
    </ClInclude>
    <ClInclude Include="additional\freetype\freetype.h">
      <Filter>头文件\Additional\freetype</Filter>
    </ClInclude>
    <ClInclude Include="additional\freetype\ftadvanc.h">
      <Filter>头文件\Additional\freetype</Filter>
    </ClInclude>
    <ClInclude Include="additional\freetype\ftbbox.h">
      <Filter>头文件\Additional\freetype</Filter>
    </ClInclude>
    <ClInclude Include="additional\freetype\ftbdf.h">
      <Filter>头文件\Additional\freetype</Filter>
    </ClInclude>
    <ClInclude Include="additional\freetype\ftbitmap.h">
      <Filter>头文件\Additional\freetype</Filter>
    </ClInclude>
    <ClInclude Include="additional\freetype\ftbzip2.h">
      <Filter>头文件\Additional\freetype</Filter>
    </ClInclude>
    <ClInclude Include="additional\freetype\ftcache.h">
      <Filter>头文件\Additional\freetype</Filter>
    </ClInclude>
    <ClInclude Include="additional\freetype\ftchapters.h">
      <Filter>头文件\Additional\freetype</Filter>
    </ClInclude>
    <ClInclude Include="additional\freetype\ftcid.h">
      <Filter>头文件\Additional\freetype</Filter>
    </ClInclude>
    <ClInclude Include="additional\freetype\ftcolor.h">
      <Filter>头文件\Additional\freetype</Filter>
    </ClInclude>
    <ClInclude Include="additional\freetype\ftdriver.h">
      <Filter>头文件\Additional\freetype</Filter>
    </ClInclude>
    <ClInclude Include="additional\freetype\fterrdef.h">
      <Filter>头文件\Additional\freetype</Filter>
    </ClInclude>
    <ClInclude Include="additional\freetype\fterrors.h">
      <Filter>头文件\Additional\freetype</Filter>
    </ClInclude>
    <ClInclude Include="additional\freetype\ftfntfmt.h">
      <Filter>头文件\Additional\freetype</Filter>
    </ClInclude>
    <ClInclude Include="additional\freetype\ftgasp.h">
      <Filter>头文件\Additional\freetype</Filter>
    </ClInclude>
    <ClInclude Include="additional\freetype\ftglyph.h">
      <Filter>头文件\Additional\freetype</Filter>
    </ClInclude>
    <ClInclude Include="additional\freetype\ftgxval.h">
      <Filter>头文件\Additional\freetype</Filter>
    </ClInclude>
    <ClInclude Include="additional\freetype\ftgzip.h">
      <Filter>头文件\Additional\freetype</Filter>
    </ClInclude>
    <ClInclude Include="additional\freetype\ftimage.h">
      <Filter>头文件\Additional\freetype</Filter>
    </ClInclude>
    <ClInclude Include="additional\freetype\ftincrem.h">
      <Filter>头文件\Additional\freetype</Filter>
    </ClInclude>
    <ClInclude Include="additional\freetype\ftlcdfil.h">
      <Filter>头文件\Additional\freetype</Filter>
    </ClInclude>
    <ClInclude Include="additional\freetype\ftlist.h">
      <Filter>头文件\Additional\freetype</Filter>
    </ClInclude>
    <ClInclude Include="additional\freetype\ftlogging.h">
      <Filter>头文件\Additional\freetype</Filter>
    </ClInclude>
    <ClInclude Include="additional\freetype\ftlzw.h">
      <Filter>头文件\Additional\freetype</Filter>
    </ClInclude>
    <ClInclude Include="additional\freetype\ftmac.h">
      <Filter>头文件\Additional\freetype</Filter>
    </ClInclude>
    <ClInclude Include="additional\freetype\ftmm.h">
      <Filter>头文件\Additional\freetype</Filter>
    </ClInclude>
    <ClInclude Include="additional\freetype\ftmodapi.h">
      <Filter>头文件\Additional\freetype</Filter>
    </ClInclude>
    <ClInclude Include="additional\freetype\ftmoderr.h">
      <Filter>头文件\Additional\freetype</Filter>
    </ClInclude>
    <ClInclude Include="additional\freetype\ftotval.h">
      <Filter>头文件\Additional\freetype</Filter>
    </ClInclude>
    <ClInclude Include="additional\freetype\ftoutln.h">
      <Filter>头文件\Additional\freetype</Filter>
    </ClInclude>
    <ClInclude Include="additional\freetype\ftparams.h">
      <Filter>头文件\Additional\freetype</Filter>
    </ClInclude>
    <ClInclude Include="additional\freetype\ftpfr.h">
      <Filter>头文件\Additional\freetype</Filter>
    </ClInclude>
    <ClInclude Include="additional\freetype\ftrender.h">
      <Filter>头文件\Additional\freetype</Filter>
    </ClInclude>
    <ClInclude Include="additional\freetype\ftsizes.h">
      <Filter>头文件\Additional\freetype</Filter>
    </ClInclude>
    <ClInclude Include="additional\freetype\ftsnames.h">
      <Filter>头文件\Additional\freetype</Filter>
    </ClInclude>
    <ClInclude Include="additional\freetype\ftstroke.h">
      <Filter>头文件\Additional\freetype</Filter>
    </ClInclude>
    <ClInclude Include="additional\freetype\ftsynth.h">
      <Filter>头文件\Additional\freetype</Filter>
    </ClInclude>
    <ClInclude Include="additional\freetype\ftsystem.h">
      <Filter>头文件\Additional\freetype</Filter>
    </ClInclude>
    <ClInclude Include="additional\freetype\fttrigon.h">
      <Filter>头文件\Additional\freetype</Filter>
    </ClInclude>
    <ClInclude Include="additional\freetype\fttypes.h">
      <Filter>头文件\Additional\freetype</Filter>
    </ClInclude>
    <ClInclude Include="additional\freetype\ftwinfnt.h">
      <Filter>头文件\Additional\freetype</Filter>
    </ClInclude>
    <ClInclude Include="additional\freetype\otsvg.h">
      <Filter>头文件\Additional\freetype</Filter>
    </ClInclude>
    <ClInclude Include="additional\freetype\t1tables.h">
      <Filter>头文件\Additional\freetype</Filter>
    </ClInclude>
    <ClInclude Include="additional\freetype\ttnameid.h">
      <Filter>头文件\Additional\freetype</Filter>
    </ClInclude>
    <ClInclude Include="additional\freetype\tttables.h">
      <Filter>头文件\Additional\freetype</Filter>
    </ClInclude>
    <ClInclude Include="additional\freetype\tttags.h">
      <Filter>头文件\Additional\freetype</Filter>
    </ClInclude>
  </ItemGroup>
  <ItemGroup>
    <ClCompile Include="HiEasyX\HiGUI\Button.cpp">
      <Filter>头文件\HiEasyX\HiGUI</Filter>
    </ClCompile>
    <ClCompile Include="HiEasyX\HiGUI\ControlBase.cpp">
      <Filter>头文件\HiEasyX\HiGUI</Filter>
    </ClCompile>
    <ClCompile Include="HiEasyX\HiGUI\Page.cpp">
      <Filter>头文件\HiEasyX\HiGUI</Filter>
    </ClCompile>
    <ClCompile Include="HiEasyX\HiGUI\ProgressCtrl.cpp">
      <Filter>头文件\HiEasyX\HiGUI</Filter>
    </ClCompile>
    <ClCompile Include="HiEasyX\HiGUI\ScrollBar.cpp">
      <Filter>头文件\HiEasyX\HiGUI</Filter>
    </ClCompile>
    <ClCompile Include="HiEasyX\HiGUI\Static.cpp">
      <Filter>头文件\HiEasyX\HiGUI</Filter>
    </ClCompile>
    <ClCompile Include="HiEasyX\HiSysGUI\SysButton.cpp">
      <Filter>头文件\HiEasyX\HiSysGUI</Filter>
    </ClCompile>
    <ClCompile Include="HiEasyX\HiSysGUI\SysCheckBox.cpp">
      <Filter>头文件\HiEasyX\HiSysGUI</Filter>
    </ClCompile>
    <ClCompile Include="HiEasyX\HiSysGUI\SysComboBox.cpp">
      <Filter>头文件\HiEasyX\HiSysGUI</Filter>
    </ClCompile>
    <ClCompile Include="HiEasyX\HiSysGUI\SysControlBase.cpp">
      <Filter>头文件\HiEasyX\HiSysGUI</Filter>
    </ClCompile>
    <ClCompile Include="HiEasyX\HiSysGUI\SysEdit.cpp">
      <Filter>头文件\HiEasyX\HiSysGUI</Filter>
    </ClCompile>
    <ClCompile Include="HiEasyX\HiSysGUI\SysGroup.cpp">
      <Filter>头文件\HiEasyX\HiSysGUI</Filter>
    </ClCompile>
    <ClCompile Include="HiEasyX\HiSysGUI\SysGroupBox.cpp">
      <Filter>头文件\HiEasyX\HiSysGUI</Filter>
    </ClCompile>
    <ClCompile Include="HiEasyX\HiSysGUI\SysRadioButton.cpp">
      <Filter>头文件\HiEasyX\HiSysGUI</Filter>
    </ClCompile>
    <ClCompile Include="HiEasyX\HiSysGUI\SysStatic.cpp">
      <Filter>头文件\HiEasyX\HiSysGUI</Filter>
    </ClCompile>
    <ClCompile Include="HiEasyX\HiCanvas.cpp">
      <Filter>头文件\HiEasyX</Filter>
    </ClCompile>
    <ClCompile Include="HiEasyX\HiContainer.cpp">
      <Filter>头文件\HiEasyX</Filter>
    </ClCompile>
    <ClCompile Include="HiEasyX\HiDrawingProperty.cpp">
      <Filter>头文件\HiEasyX</Filter>
    </ClCompile>
    <ClCompile Include="HiEasyX\HiFPS.cpp">
      <Filter>头文件\HiEasyX</Filter>
    </ClCompile>
    <ClCompile Include="HiEasyX\HiFunc.cpp">
      <Filter>头文件\HiEasyX</Filter>
    </ClCompile>
    <ClCompile Include="HiEasyX\HiGdiplus.cpp">
      <Filter>头文件\HiEasyX</Filter>
    </ClCompile>
    <ClCompile Include="HiEasyX\HiGif.cpp">
      <Filter>头文件\HiEasyX</Filter>
    </ClCompile>
    <ClCompile Include="HiEasyX\HiIcon.cpp">
      <Filter>头文件\HiEasyX</Filter>
    </ClCompile>
    <ClCompile Include="HiEasyX\HiMouseDrag.cpp">
      <Filter>头文件\HiEasyX</Filter>
    </ClCompile>
    <ClCompile Include="HiEasyX\HiMusicMCI.cpp">
      <Filter>头文件\HiEasyX</Filter>
    </ClCompile>
    <ClCompile Include="HiEasyX\HiStart.cpp">
      <Filter>头文件\HiEasyX</Filter>
    </ClCompile>
    <ClCompile Include="HiEasyX\HiWindow.cpp">
      <Filter>头文件\HiEasyX</Filter>
    </ClCompile>
    <ClCompile Include="IdtText.cpp">
      <Filter>源文件</Filter>
    </ClCompile>
    <ClCompile Include="IdtWindow.cpp">
      <Filter>源文件</Filter>
    </ClCompile>
    <ClCompile Include="IdtMagnification.cpp">
      <Filter>源文件</Filter>
    </ClCompile>
    <ClCompile Include="IdtDraw.h">
      <Filter>头文件</Filter>
    </ClCompile>
    <ClCompile Include="IdtDraw.cpp">
      <Filter>源文件</Filter>
    </ClCompile>
    <ClCompile Include="IdtTime.cpp">
      <Filter>源文件</Filter>
    </ClCompile>
    <ClCompile Include="IdtPlug-in.cpp">
      <Filter>源文件</Filter>
    </ClCompile>
    <ClCompile Include="IdtOther.cpp">
      <Filter>源文件</Filter>
    </ClCompile>
    <ClCompile Include="IdtUpdate.cpp">
      <Filter>源文件</Filter>
    </ClCompile>
    <ClCompile Include="IdtMain.cpp">
      <Filter>源文件</Filter>
    </ClCompile>
    <ClCompile Include="IdtFloating.cpp">
      <Filter>源文件</Filter>
    </ClCompile>
    <ClCompile Include="IdtDrawpad.cpp">
      <Filter>源文件</Filter>
    </ClCompile>
    <ClCompile Include="IdtRts.cpp">
      <Filter>源文件</Filter>
    </ClCompile>
    <ClCompile Include="IdtImage.cpp">
      <Filter>源文件</Filter>
    </ClCompile>
    <ClCompile Include="IdtHistoricalDrawpad.cpp">
      <Filter>源文件</Filter>
    </ClCompile>
    <ClCompile Include="IdtFreezeFrame.cpp">
      <Filter>源文件</Filter>
    </ClCompile>
    <ClCompile Include="IdtDisplayManagement.cpp">
      <Filter>源文件</Filter>
    </ClCompile>
    <ClCompile Include="IdtSetting.cpp">
      <Filter>源文件</Filter>
    </ClCompile>
    <ClCompile Include="IdtConfiguration.cpp">
      <Filter>源文件</Filter>
    </ClCompile>
    <ClCompile Include="IdtSysNotifications.cpp">
      <Filter>源文件</Filter>
    </ClCompile>
    <ClCompile Include="IdtGuid.cpp">
      <Filter>源文件</Filter>
    </ClCompile>
    <ClCompile Include="IdtD2DPreparation.cpp">
      <Filter>源文件</Filter>
    </ClCompile>
    <ClCompile Include="IdtHash.cpp">
      <Filter>源文件</Filter>
    </ClCompile>
    <ClCompile Include="IdtState.cpp">
      <Filter>源文件</Filter>
    </ClCompile>
    <ClCompile Include="IdtI18n.cpp">
      <Filter>源文件</Filter>
    </ClCompile>
    <ClCompile Include="IdtStart.cpp">
      <Filter>源文件</Filter>
    </ClCompile>
    <ClCompile Include="additional\hashlib++\hl_md5.cpp">
      <Filter>头文件\Additional\HashLib++</Filter>
    </ClCompile>
    <ClCompile Include="additional\hashlib++\hl_md5wrapper.cpp">
      <Filter>头文件\Additional\HashLib++</Filter>
    </ClCompile>
    <ClCompile Include="additional\hashlib++\hl_sha1.cpp">
      <Filter>头文件\Additional\HashLib++</Filter>
    </ClCompile>
    <ClCompile Include="additional\hashlib++\hl_sha1wrapper.cpp">
      <Filter>头文件\Additional\HashLib++</Filter>
    </ClCompile>
    <ClCompile Include="additional\hashlib++\hl_sha2ext.cpp">
      <Filter>头文件\Additional\HashLib++</Filter>
    </ClCompile>
    <ClCompile Include="additional\hashlib++\hl_sha256.cpp">
      <Filter>头文件\Additional\HashLib++</Filter>
    </ClCompile>
    <ClCompile Include="additional\hashlib++\hl_sha256wrapper.cpp">
      <Filter>头文件\Additional\HashLib++</Filter>
    </ClCompile>
    <ClCompile Include="additional\hashlib++\hl_sha384wrapper.cpp">
      <Filter>头文件\Additional\HashLib++</Filter>
    </ClCompile>
    <ClCompile Include="additional\hashlib++\hl_sha512wrapper.cpp">
      <Filter>头文件\Additional\HashLib++</Filter>
    </ClCompile>
    <ClCompile Include="additional\hashlib++\hl_wrapperfactory.cpp">
      <Filter>头文件\Additional\HashLib++</Filter>
    </ClCompile>
    <ClCompile Include="additional\jsoncpp\lib_json\json_reader.cpp">
      <Filter>头文件\Additional\JsonCpp\lib_json</Filter>
    </ClCompile>
    <ClCompile Include="additional\jsoncpp\lib_json\json_value.cpp">
      <Filter>头文件\Additional\JsonCpp\lib_json</Filter>
    </ClCompile>
    <ClCompile Include="additional\jsoncpp\lib_json\json_writer.cpp">
      <Filter>头文件\Additional\JsonCpp\lib_json</Filter>
    </ClCompile>
    <ClCompile Include="additional\wintoastlib\wintoastlib.cpp">
      <Filter>头文件\Additional\WinToastLib</Filter>
    </ClCompile>
    <ClCompile Include="additional\ziputils\unzip.cpp">
      <Filter>头文件\Additional\ZipUtils</Filter>
    </ClCompile>
    <ClCompile Include="additional\ziputils\zip.cpp">
      <Filter>头文件\Additional\ZipUtils</Filter>
    </ClCompile>
    <ClCompile Include="IdtNet.cpp">
      <Filter>源文件</Filter>
    </ClCompile>
    <ClCompile Include="additional\imgui\imgui.cpp">
      <Filter>头文件\Additional\Imgui</Filter>
    </ClCompile>
    <ClCompile Include="additional\imgui\imgui_draw.cpp">
      <Filter>头文件\Additional\Imgui</Filter>
    </ClCompile>
    <ClCompile Include="additional\imgui\imgui_impl_dx9.cpp">
      <Filter>头文件\Additional\Imgui</Filter>
    </ClCompile>
    <ClCompile Include="additional\imgui\imgui_impl_win32.cpp">
      <Filter>头文件\Additional\Imgui</Filter>
    </ClCompile>
    <ClCompile Include="additional\imgui\imgui_tables.cpp">
      <Filter>头文件\Additional\Imgui</Filter>
    </ClCompile>
    <ClCompile Include="additional\imgui\imgui_toggle.cpp">
      <Filter>头文件\Additional\Imgui</Filter>
    </ClCompile>
    <ClCompile Include="additional\imgui\imgui_toggle_palette.cpp">
      <Filter>头文件\Additional\Imgui</Filter>
    </ClCompile>
    <ClCompile Include="additional\imgui\imgui_toggle_presets.cpp">
      <Filter>头文件\Additional\Imgui</Filter>
    </ClCompile>
    <ClCompile Include="additional\imgui\imgui_toggle_renderer.cpp">
      <Filter>头文件\Additional\Imgui</Filter>
    </ClCompile>
    <ClCompile Include="additional\imgui\imgui_widgets.cpp">
      <Filter>头文件\Additional\Imgui</Filter>
    </ClCompile>
    <ClCompile Include="additional\imgui\imgui_freetype.cpp">
      <Filter>头文件\Additional\Imgui</Filter>
    </ClCompile>
  </ItemGroup>
  <ItemGroup>
    <ResourceCompile Include="智绘教.rc">
      <Filter>资源文件</Filter>
    </ResourceCompile>
  </ItemGroup>
  <ItemGroup>
    <Image Include="src\endshow.png">
      <Filter>资源文件</Filter>
    </Image>
    <Image Include="src\left.png">
      <Filter>资源文件</Filter>
    </Image>
    <Image Include="src\right.png">
      <Filter>资源文件</Filter>
    </Image>
    <Image Include="src\write.png">
      <Filter>资源文件</Filter>
    </Image>
    <Image Include="src\sign.png">
      <Filter>资源文件</Filter>
    </Image>
    <Image Include="src\rubber.png">
      <Filter>资源文件</Filter>
    </Image>
    <Image Include="src\choose.png">
      <Filter>资源文件</Filter>
    </Image>
    <Image Include="src\undo.png">
      <Filter>资源文件</Filter>
    </Image>
    <Image Include="src\scale.png">
      <Filter>资源文件</Filter>
    </Image>
    <Image Include="src\more.png">
      <Filter>资源文件</Filter>
    </Image>
    <Image Include="src\perspective.png">
      <Filter>资源文件</Filter>
    </Image>
    <Image Include="src\choice.png">
      <Filter>资源文件</Filter>
    </Image>
    <Image Include="src\highlighter_brush.png">
      <Filter>资源文件</Filter>
    </Image>
    <Image Include="src\paint_brush.png">
      <Filter>资源文件</Filter>
    </Image>
    <Image Include="src\curve.png">
      <Filter>资源文件</Filter>
    </Image>
    <Image Include="src\line.png">
      <Filter>资源文件</Filter>
    </Image>
    <Image Include="src\rectangle.png">
      <Filter>资源文件</Filter>
    </Image>
    <Image Include="src\ms_ppt.png">
      <Filter>资源文件</Filter>
    </Image>
    <Image Include="src\icon.ico">
      <Filter>资源文件</Filter>
    </Image>
    <Image Include="src\weather\weather3.png">
      <Filter>资源文件</Filter>
    </Image>
    <Image Include="src\weather\png00001.png">
      <Filter>资源文件</Filter>
    </Image>
    <Image Include="src\tick.png">
      <Filter>资源文件</Filter>
    </Image>
    <Image Include="src\sign1.png">
      <Filter>资源文件</Filter>
    </Image>
    <Image Include="src\gwxq.png">
      <Filter>资源文件</Filter>
    </Image>
    <Image Include="src\option.png">
      <Filter>资源文件</Filter>
    </Image>
    <Image Include="src\bug.png">
      <Filter>资源文件</Filter>
    </Image>
    <Image Include="src\info.png">
      <Filter>资源文件</Filter>
    </Image>
    <Image Include="src\home.png">
      <Filter>资源文件</Filter>
    </Image>
    <Image Include="src\sign2.png">
      <Filter>资源文件</Filter>
    </Image>
    <Image Include="src\freeze-frame.png">
      <Filter>资源文件</Filter>
    </Image>
    <Image Include="src\sign3.png">
      <Filter>资源文件</Filter>
    </Image>
    <Image Include="src\seewo_camera.png">
      <Filter>资源文件</Filter>
    </Image>
    <Image Include="src\skin\dragon.png">
      <Filter>资源文件</Filter>
    </Image>
    <Image Include="src\skin\dragon_sign.png">
      <Filter>资源文件</Filter>
    </Image>
    <Image Include="src\skin\dragon_background.png">
      <Filter>资源文件</Filter>
    </Image>
    <Image Include="src\sign4.png">
      <Filter>资源文件</Filter>
    </Image>
    <Image Include="src\choose_clear.png">
      <Filter>资源文件</Filter>
    </Image>
    <Image Include="src\wps_wpp.png">
      <Filter>资源文件</Filter>
    </Image>
    <Image Include="src\ppt\end_show.png">
      <Filter>资源文件</Filter>
    </Image>
    <Image Include="src\ppt\arrow_left.png">
      <Filter>资源文件</Filter>
    </Image>
    <Image Include="src\ppt\arrow_right.png">
      <Filter>资源文件</Filter>
    </Image>
    <Image Include="src\icon.png">
      <Filter>资源文件</Filter>
    </Image>
    <Image Include="src\PluginFlag1.png">
      <Filter>资源文件</Filter>
    </Image>
    <Image Include="src\PluginFlag2.png">
      <Filter>资源文件</Filter>
    </Image>
    <Image Include="src\sign5.png">
      <Filter>资源文件</Filter>
    </Image>
    <Image Include="src\ppt\arrow_down.png">
      <Filter>资源文件</Filter>
    </Image>
    <Image Include="src\ppt\arrow_up.png">
      <Filter>资源文件</Filter>
    </Image>
    <Image Include="src\i18n\Home1_en-US.png">
      <Filter>资源文件</Filter>
    </Image>
    <Image Include="src\i18n\Home2_en-US.png">
      <Filter>资源文件</Filter>
    </Image>
    <Image Include="src\i18n\Home1_zh-CN.png">
      <Filter>资源文件</Filter>
    </Image>
    <Image Include="src\i18n\Home2_zh-CN.png">
      <Filter>资源文件</Filter>
    </Image>
    <Image Include="src\setting\Home2_en-US.png">
      <Filter>资源文件</Filter>
    </Image>
    <Image Include="src\setting\Home2_zh-CN.png">
      <Filter>资源文件</Filter>
    </Image>
    <Image Include="src\setting\Home1_en-US.png">
      <Filter>资源文件</Filter>
    </Image>
    <Image Include="src\setting\Home1_zh-CN.png">
      <Filter>资源文件</Filter>
    </Image>
    <Image Include="src\setting\Profile-picture.png">
      <Filter>资源文件</Filter>
    </Image>
  </ItemGroup>
  <ItemGroup>
    <Font Include="src\ttf\HarmonyOS_Sans_SC_Regular.ttf" />
    <Font Include="src\ttf\Douyu_Font.otf" />
  </ItemGroup>
  <ItemGroup>
    <None Include="exe\智绘教CrashedHandler.exe" />
    <None Include="exe\智绘教CrashedHandlerClose.exe" />
    <None Include="PptCOM.dll" />
    <None Include="exe\智绘教StartupItemSettings.exe" />
    <None Include="exe\DesktopDrawpadBlocker.exe" />
    <None Include="src\i18n\zh-CN.json" />
    <None Include="src\i18n\en-US.json" />
    <None Include="additional\jsoncpp\lib_json\json_valueiterator.inl">
      <Filter>头文件\Additional\JsonCpp\lib_json</Filter>
    </None>
    <None Include="additional\spdlog\fmt\bundled\fmt.license.rst">
      <Filter>头文件\Additional\SpdLog\fmt\bundled</Filter>
    </None>
  </ItemGroup>
  <ItemGroup>
    <Manifest Include="..\PptCOM\PptCOM.manifest" />
  </ItemGroup>
</Project>